# This file is autogenerated, do not edit; changes may be undone by the next 'dep ensure'.


[[projects]]
  digest = "1:76dc72490af7174349349838f2fe118996381b31ea83243812a97e5a0fd5ed55"
  name = "github.com/dgrijalva/jwt-go"
  packages = ["."]
  pruneopts = "UT"
  revision = "06ea1031745cb8b3dab3f6a236daf2b0aa468b7e"
  version = "v3.2.0"

[[projects]]
  digest = "1:a3af33fd30536d9c5a7b6ad542390919e57c1125097a194c7b3d9904109a0611"
  name = "github.com/go-sql-driver/mysql"
  packages = ["."]
  pruneopts = "UT"
  revision = "17ef3dd9d98b69acec3e85878995ada9533a9370"
  version = "v1.5.0"

[[projects]]
  digest = "1:727995ebcf0b117a1e575479f2ce41075b7097921a0f18f32c004e77e2d01d1f"
  name = "github.com/golang/protobuf"
  packages = [
    "descriptor",
    "jsonpb",
    "proto",
    "protoc-gen-go/descriptor",
    "ptypes",
    "ptypes/any",
    "ptypes/duration",
    "ptypes/struct",
    "ptypes/timestamp",
    "ptypes/wrappers",
  ]
  pruneopts = "UT"
  revision = "5d5b4c10bd43f85e63bd9e4a3fa9b1ea2ef88af2"
  version = "v1.3.4"

[[projects]]
  digest = "1:38ec74012390146c45af1f92d46e5382b50531247929ff3a685d2b2be65155ac"
  name = "github.com/gomodule/redigo"
  packages = [
    "internal",
    "redis",
  ]
  pruneopts = "UT"
  revision = "9c11da706d9b7902c6da69c592f75637793fe121"
  version = "v2.0.0"

[[projects]]
  digest = "1:bc7cf48988dd36bce1e10a6e9dfed89ea087c1e45973be09d7507374743756f6"
  name = "github.com/grpc-ecosystem/go-grpc-middleware"
  packages = [
    ".",
    "logging",
    "logging/logrus",
    "logging/logrus/ctxlogrus",
    "tags",
  ]
  pruneopts = "UT"
  revision = "3c51f7f332123e8be5a157c0802a228ac85bf9db"
  version = "v1.2.0"

[[projects]]
  digest = "1:2377108044b58624fcba0949555b941b922945da0dbb45ddebf3d3df805ff215"
  name = "github.com/grpc-ecosystem/grpc-gateway"
  packages = [
    "internal",
    "runtime",
    "utilities",
  ]
  pruneopts = "UT"
  revision = "5ec11588db26960526dccc39cf40367a54d76e16"
  version = "v1.14.3"

[[projects]]
  digest = "1:1474777fcd22636dda699562076f083bfc22ca2d2121bdfd3bf21a1ef0239fe7"
  name = "github.com/jinzhu/gorm"
  packages = ["."]
  pruneopts = "UT"
  revision = "79a77d771dee4e4b60e9c543e8663bbc80466670"
  version = "v1.9.12"

[[projects]]
  digest = "1:01ed62f8f4f574d8aff1d88caee113700a2b44c42351943fa73cc1808f736a50"
  name = "github.com/jinzhu/inflection"
  packages = ["."]
  pruneopts = "UT"
  revision = "f5c5f50e6090ae76a29240b61ae2a90dd810112e"
  version = "v1.0.0"

[[projects]]
  digest = "1:31e761d97c76151dde79e9d28964a812c46efc5baee4085b86f68f0c654450de"
  name = "github.com/konsorten/go-windows-terminal-sequences"
  packages = ["."]
  pruneopts = "UT"
  revision = "f55edac94c9bbba5d6182a4be46d86a2c9b5b50e"
  version = "v1.0.2"

[[projects]]
  digest = "1:04457f9f6f3ffc5fea48e71d62f2ca256637dee0a04d710288e27e05c8b41976"
  name = "github.com/sirupsen/logrus"
  packages = ["."]
  pruneopts = "UT"
  revision = "839c75faf7f98a33d445d181f3018b5c3409a45e"
  version = "v1.4.2"

[[projects]]
  branch = "master"
  digest = "1:bf28108aa410b909d735b5b3b64625161712243ea79c1fad81a303de6b64cbbf"
  name = "golang.org/x/net"
  packages = [
    "http/httpguts",
    "http2",
    "http2/hpack",
    "idna",
    "internal/timeseries",
    "trace",
  ]
  pruneopts = "UT"
  revision = "244492dfa37ae2ce87222fd06250a03160745faa"

[[projects]]
  branch = "master"
  digest = "1:8d59aa6f03198132e0ca3bf998677f9698e1e27fc67976c85d85086ac3496530"
  name = "golang.org/x/sys"
  packages = ["unix"]
  pruneopts = "UT"
  revision = "5c8b2ff67527cb88b770f693cebf3799036d8bc0"

[[projects]]
  digest = "1:8d8faad6b12a3a4c819a3f9618cb6ee1fa1cfc33253abeeea8b55336721e3405"
  name = "golang.org/x/text"
  packages = [
    "collate",
    "collate/build",
    "internal/colltab",
    "internal/gen",
    "internal/language",
    "internal/language/compact",
    "internal/tag",
    "internal/triegen",
    "internal/ucd",
    "language",
    "secure/bidirule",
    "transform",
    "unicode/bidi",
    "unicode/cldr",
    "unicode/norm",
    "unicode/rangetable",
  ]
  pruneopts = "UT"
  revision = "342b2e1fbaa52c93f31447ad2c6abc048c63e475"
  version = "v0.3.2"

[[projects]]
  branch = "master"
  digest = "1:fe08d3435e44d9423ce438da4713df68321f334e5425d1fa3420e357c121dd98"
  name = "google.golang.org/genproto"
  packages = [
    "googleapis/api/httpbody",
    "googleapis/rpc/status",
    "protobuf/field_mask",
  ]
  pruneopts = "UT"
  revision = "da6875a35672a8824ec7894e2c0ec480b4250e01"

[[projects]]
  digest = "1:67bc54ebd7e6ed4a5a646aed9a8cb3b24b96a5e0abeee04f9e1c252a1cb345d4"
  name = "google.golang.org/grpc"
  packages = [
    ".",
    "attributes",
    "backoff",
    "balancer",
    "balancer/base",
    "balancer/roundrobin",
    "binarylog/grpc_binarylog_v1",
    "codes",
    "connectivity",
    "credentials",
    "credentials/internal",
    "encoding",
    "encoding/proto",
    "grpclog",
    "internal",
    "internal/backoff",
    "internal/balancerload",
    "internal/binarylog",
    "internal/buffer",
    "internal/channelz",
    "internal/envconfig",
    "internal/grpclog",
    "internal/grpcrand",
    "internal/grpcsync",
    "internal/grpcutil",
    "internal/resolver/dns",
    "internal/resolver/passthrough",
    "internal/syscall",
    "internal/transport",
    "keepalive",
    "metadata",
    "naming",
    "peer",
    "resolver",
    "serviceconfig",
    "stats",
    "status",
    "tap",
  ]
  pruneopts = "UT"
  revision = "142182889d38b76209f1d9f1d8e91d7608aff542"
  version = "v1.28.0"

[solve-meta]
  analyzer-name = "dep"
  analyzer-version = 1
  input-imports = [
    "github.com/dgrijalva/jwt-go",
    "github.com/go-sql-driver/mysql",
    "github.com/golang/protobuf/proto",
    "github.com/gomodule/redigo/redis",
    "github.com/grpc-ecosystem/go-grpc-middleware",
    "github.com/grpc-ecosystem/go-grpc-middleware/logging/logrus",
    "github.com/grpc-ecosystem/go-grpc-middleware/tags",
    "github.com/grpc-ecosystem/grpc-gateway/runtime",
    "github.com/jinzhu/gorm",
    "github.com/sirupsen/logrus",
    "google.golang.org/grpc",
    "google.golang.org/grpc/codes",
    "google.golang.org/grpc/grpclog",
    "google.golang.org/grpc/metadata",
    "google.golang.org/grpc/status",
  ]
  solver-name = "gps-cdcl"
  solver-version = 1
